
Microsoft Visual Studio Solution File, Format Version 12.00
# Visual Studio 15
VisualStudioVersion = 15.0.28307.779
MinimumVisualStudioVersion = 10.0.40219.1
Project("{FAE04EC0-301F-11D3-BF4B-00C04F79EFBC}") = "GraduateWeb", "GraduateWeb\GraduateWeb.csproj", "{219E6684-AD48-4D84-977E-BED4E4E8225E}"
EndProject
Global
	GlobalSection(SolutionConfigurationPlatforms) = preSolution
		Debug|Any CPU = Debug|Any CPU
		Release|Any CPU = Release|Any CPU
	EndGlobalSection
	GlobalSection(ProjectConfigurationPlatforms) = postSolution
		{219E6684-AD48-4D84-977E-BED4E4E8225E}.Debug|Any CPU.ActiveCfg = Debug|Any CPU
		{219E6684-AD48-4D84-977E-BED4E4E8225E}.Debug|Any CPU.Build.0 = Debug|Any CPU
		{219E6684-AD48-4D84-977E-BED4E4E8225E}.Release|Any CPU.ActiveCfg = Release|Any CPU
		{219E6684-AD48-4D84-977E-BED4E4E8225E}.Release|Any CPU.Build.0 = Release|Any CPU
	EndGlobalSection
	GlobalSection(SolutionProperties) = preSolution
		HideSolutionNode = FALSE
	EndGlobalSection
	GlobalSection(ExtensibilityGlobals) = postSolution
		SolutionGuid = {132BCE17-1EA7-49D3-9960-67500663EE1C}
	EndGlobalSection
EndGlobal
